
Microsoft Visual Studio Solution File, Format Version 12.00
# Visual Studio Version 16
VisualStudioVersion = 16.0.30204.135
MinimumVisualStudioVersion = 10.0.40219.1
Project("{FAE04EC0-301F-11D3-BF4B-00C04F79EFBC}") = "pekseg", "pekseg\pekseg.csproj", "{2F242926-E486-4E84-8498-A260B49E73BA}"
EndProject
Global
	GlobalSection(SolutionConfigurationPlatforms) = preSolution
		Debug|Any CPU = Debug|Any CPU
		Release|Any CPU = Release|Any CPU
	EndGlobalSection
	GlobalSection(ProjectConfigurationPlatforms) = postSolution
		{2F242926-E486-4E84-8498-A260B49E73BA}.Debug|Any CPU.ActiveCfg = Debug|Any CPU
		{2F242926-E486-4E84-8498-A260B49E73BA}.Debug|Any CPU.Build.0 = Debug|Any CPU
		{2F242926-E486-4E84-8498-A260B49E73BA}.Release|Any CPU.ActiveCfg = Release|Any CPU
		{2F242926-E486-4E84-8498-A260B49E73BA}.Release|Any CPU.Build.0 = Release|Any CPU
	EndGlobalSection
	GlobalSection(SolutionProperties) = preSolution
		HideSolutionNode = FALSE
	EndGlobalSection
	GlobalSection(ExtensibilityGlobals) = postSolution
		SolutionGuid = {17983AF2-3E5B-437C-9746-8E27F85DE550}
	EndGlobalSection
EndGlobal
